{
  "name": "javaonnodejs",
  "version": "1.0.0",
  "lockfileVersion": 3,
  "requires": true,
  "packages": {
    "": {
      "name": "javaonnodejs",
      "version": "1.0.0",
      "license": "Apache-2.0",
      "dependencies": {
        "java-bridge": "^2.8.1"
      },
      "engines": {
        "node": ">=18"
      }
    },
    "node_modules/java-bridge": {
      "version": "2.8.1",
      "resolved": "https://registry.npmjs.org/java-bridge/-/java-bridge-2.8.1.tgz",
      "integrity": "sha512-5z3c3r4cQaACk53UoLrTTJSm3gLtkz9/xOyd1gSWOcK+E7+qVwnA9hjuPUz7NrhfitavYs/eJX5//9q9Yiu5Pw==",
      "license": "MIT",
      "engines": {
        "node": ">= 15"
      },
      "optionalDependencies": {
        "java-bridge-darwin-arm64": "2.8.1",
        "java-bridge-darwin-x64": "2.8.1",
        "java-bridge-linux-arm64-gnu": "2.8.1",
        "java-bridge-linux-x64-gnu": "2.8.1",
        "java-bridge-linux-x64-musl": "2.8.1",
        "java-bridge-win32-ia32-msvc": "2.8.1",
        "java-bridge-win32-x64-msvc": "2.8.1"
      }
    },
    "node_modules/java-bridge-darwin-arm64": {
      "version": "2.8.1",
      "resolved": "https://registry.npmjs.org/java-bridge-darwin-arm64/-/java-bridge-darwin-arm64-2.8.1.tgz",
      "integrity": "sha512-29XDECsF7Qf1P+rbezTTetRUcl6ampsEFmOauyPzuZGZHmcw368s5c47LkQOVm2GxjnATMG41LhDPKK7TA+mXA==",
      "cpu": [
        "arm64"
      ],
      "license": "MIT",
      "optional": true,
      "os": [
        "darwin"
      ],
      "engines": {
        "node": ">= 10"
      }
    },
    "node_modules/java-bridge-darwin-x64": {
      "version": "2.8.1",
      "resolved": "https://registry.npmjs.org/java-bridge-darwin-x64/-/java-bridge-darwin-x64-2.8.1.tgz",
      "integrity": "sha512-DCDGZbetRnT/pMkT8zbjNorZGImpQUFXhqDXfLOFFlEfvE/SWz8rjcfIJP8f+T8EIlnaRDaNyEa9NvWhm9C4aQ==",
      "cpu": [
        "x64"
      ],
      "license": "MIT",
      "optional": true,
      "os": [
        "darwin"
      ],
      "engines": {
        "node": ">= 10"
      }
    },
    "node_modules/java-bridge-linux-arm64-gnu": {
      "version": "2.8.1",
      "resolved": "https://registry.npmjs.org/java-bridge-linux-arm64-gnu/-/java-bridge-linux-arm64-gnu-2.8.1.tgz",
      "integrity": "sha512-j4xYKonqoydSUKFw4nLkdQSPSszIp2mHzX4nl24GnRmIhP+Dc1XZyh+KVDswMQdaNeYVb6ZEfaA3+DGe5o/bIg==",
      "cpu": [
        "arm64"
      ],
      "libc": [
        "glibc"
      ],
      "license": "MIT",
      "optional": true,
      "os": [
        "linux"
      ],
      "engines": {
        "node": ">= 10"
      }
    },
    "node_modules/java-bridge-linux-x64-gnu": {
      "version": "2.8.1",
      "resolved": "https://registry.npmjs.org/java-bridge-linux-x64-gnu/-/java-bridge-linux-x64-gnu-2.8.1.tgz",
      "integrity": "sha512-mbXiFSd3t3usmZXGQFYdiDM9K38DGyG72EMbFtaJ0bIfx7kK6T209G46sqGFnL5BR3KCTauQfFITyRyFjWVN6A==",
      "cpu": [
        "x64"
      ],
      "libc": [
        "glibc"
      ],
      "license": "MIT",
      "optional": true,
      "os": [
        "linux"
      ],
      "engines": {
        "node": ">= 10"
      }
    },
    "node_modules/java-bridge-linux-x64-musl": {
      "version": "2.8.1",
      "resolved": "https://registry.npmjs.org/java-bridge-linux-x64-musl/-/java-bridge-linux-x64-musl-2.8.1.tgz",
      "integrity": "sha512-hWdfMe2ndhCa7/40LbjtV14bUcxQd7IluT2XPOTvfhf46+u51QVbDTr2sjoxkPouGRYYtfCazukR7iUGRx1RiA==",
      "cpu": [
        "x64"
      ],
      "libc": [
        "musl"
      ],
      "license": "MIT",
      "optional": true,
      "os": [
        "linux"
      ],
      "engines": {
        "node": ">= 15"
      }
    },
    "node_modules/java-bridge-win32-ia32-msvc": {
      "version": "2.8.1",
      "resolved": "https://registry.npmjs.org/java-bridge-win32-ia32-msvc/-/java-bridge-win32-ia32-msvc-2.8.1.tgz",
      "integrity": "sha512-gdPgVo61iSk0TuTky5551kgUbZEH4hgKpfpFg4UbJ7N1QaCNlpv8i6T9td1cHzwENuwqh/hb3YurFT+u2UqUvQ==",
      "cpu": [
        "ia32"
      ],
      "license": "MIT",
      "optional": true,
      "os": [
        "win32"
      ],
      "engines": {
        "node": ">= 10"
      }
    },
    "node_modules/java-bridge-win32-x64-msvc": {
      "version": "2.8.1",
      "resolved": "https://registry.npmjs.org/java-bridge-win32-x64-msvc/-/java-bridge-win32-x64-msvc-2.8.1.tgz",
      "integrity": "sha512-38+pgZ5uqQshjxVDDOuTSrYpXLLArA/p38p4qJ1K188pQUN2XdbO/No5duOKC6P6jwaRExrykhMrR3T9h9WYIQ==",
      "cpu": [
        "x64"
      ],
      "license": "MIT",
      "optional": true,
      "os": [
        "win32"
      ],
      "engines": {
        "node": ">= 10"
      }
    }
  }
}
