{
  "name": "ifctolbd-mcp",
  "version": "0.1.0",
  "lockfileVersion": 3,
  "requires": true,
  "packages": {
    "": {
      "name": "ifctolbd-mcp",
      "version": "0.1.0",
      "license": "Apache-2.0",
      "bin": {
        "ifctolbd-mcp": "src/server.js"
      },
      "engines": {
        "node": ">=18"
      }
    }
  }
}
